
Microsoft Visual Studio Solution File, Format Version 12.00
# Visual Studio Version 16
VisualStudioVersion = 16.0.31105.61
MinimumVisualStudioVersion = 10.0.40219.1
Project("{8BC9CEB8-8B4A-11D0-8D11-00A0C91BC942}") = "AVL_tree", "AVL_tree.vcxproj", "{C808055C-2FC0-4001-B662-A4524059B96A}"
EndProject
Global
	GlobalSection(SolutionConfigurationPlatforms) = preSolution
		Debug|x64 = Debug|x64
		Debug|x86 = Debug|x86
		Release|x64 = Release|x64
		Release|x86 = Release|x86
	EndGlobalSection
	GlobalSection(ProjectConfigurationPlatforms) = postSolution
		{C808055C-2FC0-4001-B662-A4524059B96A}.Debug|x64.ActiveCfg = Debug|x64
		{C808055C-2FC0-4001-B662-A4524059B96A}.Debug|x64.Build.0 = Debug|x64
		{C808055C-2FC0-4001-B662-A4524059B96A}.Debug|x86.ActiveCfg = Debug|Win32
		{C808055C-2FC0-4001-B662-A4524059B96A}.Debug|x86.Build.0 = Debug|Win32
		{C808055C-2FC0-4001-B662-A4524059B96A}.Release|x64.ActiveCfg = Release|x64
		{C808055C-2FC0-4001-B662-A4524059B96A}.Release|x64.Build.0 = Release|x64
		{C808055C-2FC0-4001-B662-A4524059B96A}.Release|x86.ActiveCfg = Release|Win32
		{C808055C-2FC0-4001-B662-A4524059B96A}.Release|x86.Build.0 = Release|Win32
	EndGlobalSection
	GlobalSection(SolutionProperties) = preSolution
		HideSolutionNode = FALSE
	EndGlobalSection
	GlobalSection(ExtensibilityGlobals) = postSolution
		SolutionGuid = {C157BC1F-7A82-46E9-ABD1-6C512A125420}
	EndGlobalSection
EndGlobal
